Microsoft Visual Studio Solution File, Format Version 12.00
# Visual Studio Version 17
VisualStudioVersion = 17.0.31903.59
MinimumVisualStudioVersion = 10.0.40219.1
Project("{FAE04EC0-301F-11D3-BF4B-00C04F79EFBC}") = "HyperTerm.UI", "src\HyperTerm.UI\HyperTerm.UI.csproj", "{B6B414B2-EB15-41D8-B1D8-CCF4B329B74E}"
EndProject
Project("{FAE04EC0-301F-11D3-BF4B-00C04F79EFBC}") = "HyperTerm.Core", "src\HyperTerm.Core\HyperTerm.Core.csproj", "{0EAFA3AD-D86B-4555-93DF-A8BB5F056508}"
EndProject
Project("{FAE04EC0-301F-11D3-BF4B-00C04F79EFBC}") = "HyperTerm.Infrastructure", "src\HyperTerm.Infrastructure\HyperTerm.Infrastructure.csproj", "{8E33B58F-58E9-4860-9F0D-D71C95D7F36F}"
EndProject
Project("{FAE04EC0-301F-11D3-BF4B-00C04F79EFBC}") = "HyperTerm.Shared", "src\HyperTerm.Shared\HyperTerm.Shared.csproj", "{9CA52E84-A91E-47CE-92AB-0BA73BC44958}"
EndProject
Project("{FAE04EC0-301F-11D3-BF4B-00C04F79EFBC}") = "HyperTerm.Core.Tests", "tests\HyperTerm.Core.Tests\HyperTerm.Core.Tests.csproj", "{9B3D3DA5-2B70-4A53-8ED9-E18601101A0A}"
EndProject
Project("{FAE04EC0-301F-11D3-BF4B-00C04F79EFBC}") = "HyperTerm.Infrastructure.Tests", "tests\HyperTerm.Infrastructure.Tests\HyperTerm.Infrastructure.Tests.csproj", "{F1D2E1B0-9A51-47C4-A3E9-1EDC0ED5B2C4}"
EndProject
Project("{FAE04EC0-301F-11D3-BF4B-00C04F79EFBC}") = "HyperTerm.UI.Tests", "tests\HyperTerm.UI.Tests\HyperTerm.UI.Tests.csproj", "{B7DB06EB-0143-4E32-A9F1-E7281862216D}"
EndProject
Project("{FAE04EC0-301F-11D3-BF4B-00C04F79EFBC}") = "HyperTerm.E2E.Tests", "tests\HyperTerm.E2E.Tests\HyperTerm.E2E.Tests.csproj", "{6EA18800-0965-4A13-B9BB-5B0E53553D8F}"
EndProject
Project("{FAE04EC0-301F-11D3-BF4B-00C04F79EFBC}") = "HyperTerm.TestTerminal", "tests\HyperTerm.TestTerminal\HyperTerm.TestTerminal.csproj", "{14DD6A03-D5DA-45BF-8C38-E924F23F6869}"
EndProject
Global
	GlobalSection(SolutionConfigurationPlatforms) = preSolution
		Debug|Any CPU = Debug|Any CPU
		Release|Any CPU = Release|Any CPU
	EndGlobalSection
	GlobalSection(ProjectConfigurationPlatforms) = postSolution
		{B6B414B2-EB15-41D8-B1D8-CCF4B329B74E}.Debug|Any CPU.ActiveCfg = Debug|Any CPU
		{B6B414B2-EB15-41D8-B1D8-CCF4B329B74E}.Debug|Any CPU.Build.0 = Debug|Any CPU
		{B6B414B2-EB15-41D8-B1D8-CCF4B329B74E}.Release|Any CPU.ActiveCfg = Release|Any CPU
		{B6B414B2-EB15-41D8-B1D8-CCF4B329B74E}.Release|Any CPU.Build.0 = Release|Any CPU
		{0EAFA3AD-D86B-4555-93DF-A8BB5F056508}.Debug|Any CPU.ActiveCfg = Debug|Any CPU
		{0EAFA3AD-D86B-4555-93DF-A8BB5F056508}.Debug|Any CPU.Build.0 = Debug|Any CPU
		{0EAFA3AD-D86B-4555-93DF-A8BB5F056508}.Release|Any CPU.ActiveCfg = Release|Any CPU
		{0EAFA3AD-D86B-4555-93DF-A8BB5F056508}.Release|Any CPU.Build.0 = Release|Any CPU
		{8E33B58F-58E9-4860-9F0D-D71C95D7F36F}.Debug|Any CPU.ActiveCfg = Debug|Any CPU
		{8E33B58F-58E9-4860-9F0D-D71C95D7F36F}.Debug|Any CPU.Build.0 = Debug|Any CPU
		{8E33B58F-58E9-4860-9F0D-D71C95D7F36F}.Release|Any CPU.ActiveCfg = Release|Any CPU
		{8E33B58F-58E9-4860-9F0D-D71C95D7F36F}.Release|Any CPU.Build.0 = Release|Any CPU
		{9CA52E84-A91E-47CE-92AB-0BA73BC44958}.Debug|Any CPU.ActiveCfg = Debug|Any CPU
		{9CA52E84-A91E-47CE-92AB-0BA73BC44958}.Debug|Any CPU.Build.0 = Debug|Any CPU
		{9CA52E84-A91E-47CE-92AB-0BA73BC44958}.Release|Any CPU.ActiveCfg = Release|Any CPU
		{9CA52E84-A91E-47CE-92AB-0BA73BC44958}.Release|Any CPU.Build.0 = Release|Any CPU
		{9B3D3DA5-2B70-4A53-8ED9-E18601101A0A}.Debug|Any CPU.ActiveCfg = Debug|Any CPU
		{9B3D3DA5-2B70-4A53-8ED9-E18601101A0A}.Debug|Any CPU.Build.0 = Debug|Any CPU
		{9B3D3DA5-2B70-4A53-8ED9-E18601101A0A}.Release|Any CPU.ActiveCfg = Release|Any CPU
		{9B3D3DA5-2B70-4A53-8ED9-E18601101A0A}.Release|Any CPU.Build.0 = Release|Any CPU
		{F1D2E1B0-9A51-47C4-A3E9-1EDC0ED5B2C4}.Debug|Any CPU.ActiveCfg = Debug|Any CPU
		{F1D2E1B0-9A51-47C4-A3E9-1EDC0ED5B2C4}.Debug|Any CPU.Build.0 = Debug|Any CPU
		{F1D2E1B0-9A51-47C4-A3E9-1EDC0ED5B2C4}.Release|Any CPU.ActiveCfg = Release|Any CPU
		{F1D2E1B0-9A51-47C4-A3E9-1EDC0ED5B2C4}.Release|Any CPU.Build.0 = Release|Any CPU
		{B7DB06EB-0143-4E32-A9F1-E7281862216D}.Debug|Any CPU.ActiveCfg = Debug|Any CPU
		{B7DB06EB-0143-4E32-A9F1-E7281862216D}.Debug|Any CPU.Build.0 = Debug|Any CPU
		{B7DB06EB-0143-4E32-A9F1-E7281862216D}.Release|Any CPU.ActiveCfg = Release|Any CPU
		{B7DB06EB-0143-4E32-A9F1-E7281862216D}.Release|Any CPU.Build.0 = Release|Any CPU
		{6EA18800-0965-4A13-B9BB-5B0E53553D8F}.Debug|Any CPU.ActiveCfg = Debug|Any CPU
		{6EA18800-0965-4A13-B9BB-5B0E53553D8F}.Debug|Any CPU.Build.0 = Debug|Any CPU
		{6EA18800-0965-4A13-B9BB-5B0E53553D8F}.Release|Any CPU.ActiveCfg = Release|Any CPU
		{6EA18800-0965-4A13-B9BB-5B0E53553D8F}.Release|Any CPU.Build.0 = Release|Any CPU
		{14DD6A03-D5DA-45BF-8C38-E924F23F6869}.Debug|Any CPU.ActiveCfg = Debug|Any CPU
		{14DD6A03-D5DA-45BF-8C38-E924F23F6869}.Debug|Any CPU.Build.0 = Debug|Any CPU
		{14DD6A03-D5DA-45BF-8C38-E924F23F6869}.Release|Any CPU.ActiveCfg = Release|Any CPU
		{14DD6A03-D5DA-45BF-8C38-E924F23F6869}.Release|Any CPU.Build.0 = Release|Any CPU
	EndGlobalSection
EndGlobal
